
Microsoft Visual Studio Solution File, Format Version 12.00
# Visual Studio Version 17
VisualStudioVersion = 17.0.32112.339
MinimumVisualStudioVersion = 10.0.40219.1
Project("{FAE04EC0-301F-11D3-BF4B-00C04F79EFBC}") = "Activity 2", "Activity 2.csproj", "{F3EC4FF0-6D69-4D35-B917-B0C3DC1AF079}"
EndProject
Global
	GlobalSection(SolutionConfigurationPlatforms) = preSolution
		Debug|Any CPU = Debug|Any CPU
		Release|Any CPU = Release|Any CPU
	EndGlobalSection
	GlobalSection(ProjectConfigurationPlatforms) = postSolution
		{F3EC4FF0-6D69-4D35-B917-B0C3DC1AF079}.Debug|Any CPU.ActiveCfg = Debug|Any CPU
		{F3EC4FF0-6D69-4D35-B917-B0C3DC1AF079}.Debug|Any CPU.Build.0 = Debug|Any CPU
		{F3EC4FF0-6D69-4D35-B917-B0C3DC1AF079}.Release|Any CPU.ActiveCfg = Release|Any CPU
		{F3EC4FF0-6D69-4D35-B917-B0C3DC1AF079}.Release|Any CPU.Build.0 = Release|Any CPU
	EndGlobalSection
	GlobalSection(SolutionProperties) = preSolution
		HideSolutionNode = FALSE
	EndGlobalSection
	GlobalSection(ExtensibilityGlobals) = postSolution
		SolutionGuid = {FDEAEC71-E9CD-4DBA-93B0-61A46BC4B85A}
	EndGlobalSection
EndGlobal
