
Microsoft Visual Studio Solution File, Format Version 12.00
# Visual Studio Version 17
VisualStudioVersion = 17.0.32112.339
MinimumVisualStudioVersion = 10.0.40219.1
Project("{FAE04EC0-301F-11D3-BF4B-00C04F79EFBC}") = "Activity 4", "Activity 4.csproj", "{774841B9-687A-415A-A35F-EDEBEB23A73C}"
EndProject
Global
	GlobalSection(SolutionConfigurationPlatforms) = preSolution
		Debug|Any CPU = Debug|Any CPU
		Release|Any CPU = Release|Any CPU
	EndGlobalSection
	GlobalSection(ProjectConfigurationPlatforms) = postSolution
		{774841B9-687A-415A-A35F-EDEBEB23A73C}.Debug|Any CPU.ActiveCfg = Debug|Any CPU
		{774841B9-687A-415A-A35F-EDEBEB23A73C}.Debug|Any CPU.Build.0 = Debug|Any CPU
		{774841B9-687A-415A-A35F-EDEBEB23A73C}.Release|Any CPU.ActiveCfg = Release|Any CPU
		{774841B9-687A-415A-A35F-EDEBEB23A73C}.Release|Any CPU.Build.0 = Release|Any CPU
	EndGlobalSection
	GlobalSection(SolutionProperties) = preSolution
		HideSolutionNode = FALSE
	EndGlobalSection
	GlobalSection(ExtensibilityGlobals) = postSolution
		SolutionGuid = {AFCE0E6B-7ED8-493B-84E7-68374668D863}
	EndGlobalSection
EndGlobal
